
Microsoft Visual Studio Solution File, Format Version 12.00
# Visual Studio Version 16
VisualStudioVersion = 16.0.34407.143
MinimumVisualStudioVersion = 10.0.40219.1
Project("{FAE04EC0-301F-11D3-BF4B-00C04F79EFBC}") = "Pac-Man", "Pac-Man\Pac-Man.csproj", "{CFD6FCA1-6B7B-45DD-873C-53FC32A33E6B}"
EndProject
Project("{FAE04EC0-301F-11D3-BF4B-00C04F79EFBC}") = "Pac-Man.Tests", "Pac-Man.Tests\Pac-Man.Tests.csproj", "{1DCF5762-2356-4FC1-8E10-15C9763571B2}"
EndProject
Global
	GlobalSection(SolutionConfigurationPlatforms) = preSolution
		Debug|Any CPU = Debug|Any CPU
		Release|Any CPU = Release|Any CPU
	EndGlobalSection
	GlobalSection(ProjectConfigurationPlatforms) = postSolution
		{CFD6FCA1-6B7B-45DD-873C-53FC32A33E6B}.Debug|Any CPU.ActiveCfg = Debug|Any CPU
		{CFD6FCA1-6B7B-45DD-873C-53FC32A33E6B}.Debug|Any CPU.Build.0 = Debug|Any CPU
		{CFD6FCA1-6B7B-45DD-873C-53FC32A33E6B}.Release|Any CPU.ActiveCfg = Release|Any CPU
		{CFD6FCA1-6B7B-45DD-873C-53FC32A33E6B}.Release|Any CPU.Build.0 = Release|Any CPU
		{1DCF5762-2356-4FC1-8E10-15C9763571B2}.Debug|Any CPU.ActiveCfg = Debug|Any CPU
		{1DCF5762-2356-4FC1-8E10-15C9763571B2}.Debug|Any CPU.Build.0 = Debug|Any CPU
		{1DCF5762-2356-4FC1-8E10-15C9763571B2}.Release|Any CPU.ActiveCfg = Release|Any CPU
		{1DCF5762-2356-4FC1-8E10-15C9763571B2}.Release|Any CPU.Build.0 = Release|Any CPU
	EndGlobalSection
	GlobalSection(SolutionProperties) = preSolution
		HideSolutionNode = FALSE
	EndGlobalSection
	GlobalSection(ExtensibilityGlobals) = postSolution
		SolutionGuid = {0D24D852-A2EE-47F6-82B5-F06F1D469947}
	EndGlobalSection
EndGlobal
